{
  "name": "practice8_physics",
  "version": "1.0.0",
  "lockfileVersion": 2,
  "requires": true,
  "packages": {
    "": {
      "name": "practice8_physics",
      "version": "1.0.0",
      "license": "ISC",
      "dependencies": {
        "babylonjs": "^4.2.0",
        "babylonjs-gui": "^4.2.0",
        "babylonjs-loaders": "^4.2.0",
        "babylonjs-procedural-textures": "^4.2.0",
        "cannon": "^0.6.2"
      },
      "devDependencies": {}
    },
    "node_modules/babylonjs": {
      "version": "4.2.1",
      "resolved": "https://registry.npmjs.org/babylonjs/-/babylonjs-4.2.1.tgz",
      "integrity": "sha512-FQdJ2VTENUpUJQ30ddihwTjV6K94kglET0P7jV8OQzjA4eez3sotmG22Fn9+8yb069SA26KnrAGOI2sKMQ7BCw==",
      "engines": {
        "node": "*"
      }
    },
    "node_modules/babylonjs-gltf2interface": {
      "version": "4.2.1",
      "resolved": "https://registry.npmjs.org/babylonjs-gltf2interface/-/babylonjs-gltf2interface-4.2.1.tgz",
      "integrity": "sha512-ZBfKgIoztO1x1nyf9aPQJ+WXmB6Kw0VlyxvcKchIixbICqeeExiN8nmjvypwXC4hl+5ZDMnUKQNrIhh7uzulnA==",
      "engines": {
        "node": "*"
      }
    },
    "node_modules/babylonjs-gui": {
      "version": "4.2.1",
      "resolved": "https://registry.npmjs.org/babylonjs-gui/-/babylonjs-gui-4.2.1.tgz",
      "integrity": "sha512-MV3TjsmypUe62OhP497iMxm6Cx+ug7gVjr6h8IoNjlKRTo8fjbROiqd+EZxpJT8XmPl1YSVWeXVeamLVdnuV5A==",
      "dependencies": {
        "babylonjs": "4.2.1"
      },
      "engines": {
        "node": "*"
      }
    },
    "node_modules/babylonjs-loaders": {
      "version": "4.2.1",
      "resolved": "https://registry.npmjs.org/babylonjs-loaders/-/babylonjs-loaders-4.2.1.tgz",
      "integrity": "sha512-WLpbadXDyxbBQogU0SOrpwgAWN/DJ1xn5kCRD31NVoCbBIpvkdDIvzpRvze2esxrlv/KM8wbDu62ShJd6rQnVQ==",
      "dependencies": {
        "babylonjs": "4.2.1",
        "babylonjs-gltf2interface": "4.2.1"
      },
      "engines": {
        "node": "*"
      }
    },
    "node_modules/babylonjs-procedural-textures": {
      "version": "4.2.1",
      "resolved": "https://registry.npmjs.org/babylonjs-procedural-textures/-/babylonjs-procedural-textures-4.2.1.tgz",
      "integrity": "sha512-T2b0ThBchHkuPBP5PB0cJMOcfJZ9GFwnSAj4gVqyk2Te+iYqBKqyvA6WCH3wM/9D1Ui+noehQgENIGhMU7M1UA==",
      "dependencies": {
        "babylonjs": "4.2.1"
      },
      "engines": {
        "node": "*"
      }
    },
    "node_modules/cannon": {
      "version": "0.6.2",
      "resolved": "https://registry.npmjs.org/cannon/-/cannon-0.6.2.tgz",
      "integrity": "sha1-HnvHLdWEGYLzwQTCvFeL+k+xxXI=",
      "engines": {
        "node": "*"
      }
    }
  },
  "dependencies": {
    "babylonjs": {
      "version": "4.2.1",
      "resolved": "https://registry.npmjs.org/babylonjs/-/babylonjs-4.2.1.tgz",
      "integrity": "sha512-FQdJ2VTENUpUJQ30ddihwTjV6K94kglET0P7jV8OQzjA4eez3sotmG22Fn9+8yb069SA26KnrAGOI2sKMQ7BCw=="
    },
    "babylonjs-gltf2interface": {
      "version": "4.2.1",
      "resolved": "https://registry.npmjs.org/babylonjs-gltf2interface/-/babylonjs-gltf2interface-4.2.1.tgz",
      "integrity": "sha512-ZBfKgIoztO1x1nyf9aPQJ+WXmB6Kw0VlyxvcKchIixbICqeeExiN8nmjvypwXC4hl+5ZDMnUKQNrIhh7uzulnA=="
    },
    "babylonjs-gui": {
      "version": "4.2.1",
      "resolved": "https://registry.npmjs.org/babylonjs-gui/-/babylonjs-gui-4.2.1.tgz",
      "integrity": "sha512-MV3TjsmypUe62OhP497iMxm6Cx+ug7gVjr6h8IoNjlKRTo8fjbROiqd+EZxpJT8XmPl1YSVWeXVeamLVdnuV5A==",
      "requires": {
        "babylonjs": "4.2.1"
      }
    },
    "babylonjs-loaders": {
      "version": "4.2.1",
      "resolved": "https://registry.npmjs.org/babylonjs-loaders/-/babylonjs-loaders-4.2.1.tgz",
      "integrity": "sha512-WLpbadXDyxbBQogU0SOrpwgAWN/DJ1xn5kCRD31NVoCbBIpvkdDIvzpRvze2esxrlv/KM8wbDu62ShJd6rQnVQ==",
      "requires": {
        "babylonjs": "4.2.1",
        "babylonjs-gltf2interface": "4.2.1"
      }
    },
    "babylonjs-procedural-textures": {
      "version": "4.2.1",
      "resolved": "https://registry.npmjs.org/babylonjs-procedural-textures/-/babylonjs-procedural-textures-4.2.1.tgz",
      "integrity": "sha512-T2b0ThBchHkuPBP5PB0cJMOcfJZ9GFwnSAj4gVqyk2Te+iYqBKqyvA6WCH3wM/9D1Ui+noehQgENIGhMU7M1UA==",
      "requires": {
        "babylonjs": "4.2.1"
      }
    },
    "cannon": {
      "version": "0.6.2",
      "resolved": "https://registry.npmjs.org/cannon/-/cannon-0.6.2.tgz",
      "integrity": "sha1-HnvHLdWEGYLzwQTCvFeL+k+xxXI="
    }
  }
}
